# Forge production image third-party lock for Python 3.14.
#
# Source inventory: accepted image sha256:80485429970e02fc4290d68c249eece9f59ec50c74ef9f0da627ba7dbc4c38c4
# Inventory receipt SHA256: 532035a99a62cdf920ff670ddd860ac2991469072449e2afe8a725458ffba5e8
# The five local distributions (forge, guardkit-py, guardkitfactory,
# fleet-memory, nats-core) are intentionally supplied as source paths in the
# Dockerfile and therefore do not appear here.
#
# Update only from a reviewed accepted-image inventory: canonicalize and sort
# every installed distribution name, exclude those five local distributions,
# replace these exact pins, then require pip check plus exact source/package
# inventory audits before accepting the rebuilt image.
agent-client-protocol==0.12.1
aiofile==3.12.3
aiohappyeyeballs==2.7.1
aiohttp==3.14.3
aiosignal==1.4.0
aiosqlite==0.22.1
annotated-types==0.8.0
anthropic==1.6.0
anyio==4.15.1
attrs==26.1.0
authlib==1.8.0
autocommand==2.2.2
backports-tarfile==1.2.0
beartype==0.22.9
beautifulsoup4==4.15.0
blockbuster==1.5.27
bracex==3.0.1
bsdiff4==1.2.6
cachetools==7.2.0
caio==0.12.4
certifi==2026.7.22
cffi==2.1.1
charset-normalizer==3.5.1
click==8.5.0
cloudpickle==3.1.2
croniter==6.2.4
cryptography==50.0.1
cyclopts==4.25.3
deepagents==0.7.14
deepagents-acp==0.0.11
deepagents-code==0.1.69
distro==1.9.0
dnspython==2.8.0
docstring-parser==0.18.0
email-validator==2.3.0
exceptiongroup==1.3.1
fast-depends==3.0.8
fastmcp==3.4.7
fastmcp-slim==3.4.7
faststream==0.7.5
filelock==3.29.7
filetype==1.2.0
forbiddenfruit==0.1.4
frozenlist==1.8.0
genai-prices==0.1.7
gherkin-official==42.0.1
google-auth==2.58.0
google-genai==2.24.0
googleapis-common-protos==1.75.3
greenlet==3.5.6
griffelib==2.3.0
grpcio==1.81.1
grpcio-health-checking==1.81.1
grpcio-tools==1.81.1
h11==0.16.0
httpcore==1.0.9
httpcore2==2.13.0
httptools==0.8.0
httpx==0.28.1
httpx-sse==0.4.3
httpx2==2.13.0
idna==3.20
importlib-metadata==8.7.1
jaraco-classes==3.4.0
jaraco-context==6.1.0
jaraco-functools==4.4.0
jaraco-text==4.0.0
jeepney==0.9.0
jinja2==3.1.6
jiter==0.17.0
joserfc==1.7.5
jsonpatch==1.33
jsonpointer==3.1.1
jsonref==1.1.0
jsonschema==4.26.0
jsonschema-path==0.5.0
jsonschema-rs==0.44.1
jsonschema-specifications==2025.9.1
keyring==25.7.0
langchain==1.4.1
langchain-anthropic==1.7.2
langchain-classic==1.0.8
langchain-community==0.4.2
langchain-core==1.6.3
langchain-google-genai==4.4.0
langchain-mcp-adapters==0.3.2
langchain-openai==1.6.2
langchain-protocol==0.0.19
langchain-quickjs==0.3.7
langchain-text-splitters==1.1.2
langgraph==1.2.11
langgraph-api==0.14.1
langgraph-checkpoint==4.2.0
langgraph-checkpoint-postgres==3.1.2
langgraph-checkpoint-sqlite==3.1.1
langgraph-cli==0.4.31
langgraph-prebuilt==1.1.0
langgraph-runtime-inmem==0.34.1
langgraph-sdk==0.4.4
langsmith==0.12.6
linkify-it-py==2.2.0
markdown-it-py==4.2.0
markdownify==1.2.3
markupsafe==3.0.3
mcp==1.30.0
mdit-py-plugins==0.6.1
mdurl==0.1.2
more-itertools==10.8.0
multidict==6.8.0
nats-py==2.16.0
numpy==2.5.3
openai==3.15.0
openapi-pydantic==0.5.1
opentelemetry-api==1.42.1
opentelemetry-exporter-otlp-proto-common==1.42.1
opentelemetry-exporter-otlp-proto-http==1.42.1
opentelemetry-exporter-prometheus==0.63b1
opentelemetry-proto==1.42.1
opentelemetry-sdk==1.42.1
opentelemetry-semantic-conventions==0.63b1
orjson==3.12.0
ormsgpack==1.12.2
packaging==26.0
pathable==0.6.0
pathspec==1.1.1
pillow==12.3.0
pip==26.0.1
platformdirs==4.4.0
prometheus-client==0.26.0
prompt-toolkit==3.0.53
propcache==0.5.4
protobuf==6.33.6
psycopg==3.3.5
psycopg-binary==3.3.5
psycopg-pool==3.3.1
py-key-value-aio==0.4.5
pyasn1==0.6.4
pyasn1-modules==0.4.2
pycparser==3.0
pydantic==2.13.5
pydantic-core==2.46.5
pydantic-settings==2.15.0
pygments==2.21.0
pyjwt==2.14.0
pyperclip==1.11.0
python-dateutil==2.9.0.post0
python-dotenv==1.2.3
python-frontmatter==1.3.0
python-multipart==0.0.32
pyyaml==6.0.3
quickjs-rs==0.2.5
referencing==0.37.0
regex==2026.9.10
requests==2.34.2
requests-toolbelt==1.0.0
rich==15.0.0
rich-rst==2.1.0
rpds-py==2026.6.3
secretstorage==3.5.0
setuptools==84.0.0
six==1.17.0
sniffio==1.3.1
soupsieve==2.9.2
sqlalchemy==2.0.54
sqlite-vec==0.1.9
sse-starlette==3.3.4
starlette==1.6.0
structlog==25.5.0
tavily-python==0.8.3
tenacity==9.1.4
textual==8.2.8
textual-autocomplete==4.0.6
textual-speedups==0.2.1
tiktoken==0.14.0
tomli==2.4.0
tomli-w==1.2.0
tree-sitter==0.26.0
tree-sitter-language-pack==1.20.0
truststore==0.10.4
typing-extensions==4.16.0
typing-inspection==0.4.4
uncalled-for==0.4.0
urllib3==2.8.0
uuid-utils==0.17.1
uvicorn==0.53.0
uvloop==0.22.1
wasmtime==48.0.0
watchfiles==1.2.0
wcmatch==11.0.1
wcwidth==0.8.4
websockets==16.1.1
wheel==0.46.3
xxhash==4.0.1
yarl==1.25.1
zipp==3.23.0
zstandard==0.25.0
